{
    "version": 3,
    "terraform_version": "0.11.13",
    "serial": 26,
    "lineage": "6bd5612b-d25b-984f-317a-37555fa6644d",
    "modules": [
        {
            "path": [
                "root"
            ],
            "outputs": {
                "load-balancer-ip": {
                    "sensitive": false,
                    "type": "string",
                    "value": "35.238.148.103"
                }
            },
            "resources": {
                "data.google_client_config.current": {
                    "type": "google_client_config",
                    "depends_on": [],
                    "primary": {
                        "id": "2019-03-24 22:11:37.569547533 +0000 UTC",
                        "attributes": {
                            "access_token": "ya29.c.EmDXBsheFrdEZ3fOq9rZAmeoWZsOwJcOkESpV01nvV3ibDBBaZcGWiddXetYHFe84fnL30o5GoyyUanwucScXy2yD9j_v1LDJiIJgte18IMHayAT9VJ-tTkDAOJy3i2evvQ",
                            "id": "2019-03-24 22:11:37.569547533 +0000 UTC",
                            "project": "hallowed-forge-235513",
                            "region": "us-central1"
                        },
                        "meta": {},
                        "tainted": false
                    },
                    "deposed": [],
                    "provider": "provider.google"
                },
                "google_compute_address.default": {
                    "type": "google_compute_address",
                    "depends_on": [],
                    "primary": {
                        "id": "hallowed-forge-235513/us-central1/vanhackathon-tractionguest",
                        "attributes": {
                            "address": "35.238.148.103",
                            "address_type": "EXTERNAL",
                            "creation_timestamp": "2019-03-24T10:29:11.004-07:00",
                            "description": "",
                            "id": "hallowed-forge-235513/us-central1/vanhackathon-tractionguest",
                            "name": "vanhackathon-tractionguest",
                            "network_tier": "PREMIUM",
                            "project": "hallowed-forge-235513",
                            "region": "us-central1",
                            "self_link": "https://www.googleapis.com/compute/v1/projects/hallowed-forge-235513/regions/us-central1/addresses/vanhackathon-tractionguest",
                            "subnetwork": "",
                            "users.#": "1",
                            "users.0": "https://www.googleapis.com/compute/v1/projects/hallowed-forge-235513/regions/us-central1/forwardingRules/aca2e36cf4e6011e98e4c42010a80006"
                        },
                        "meta": {
                            "e2bfb730-ecaa-11e6-8f88-34363bc7c4c0": {
                                "create": 240000000000,
                                "delete": 240000000000
                            }
                        },
                        "tainted": false
                    },
                    "deposed": [],
                    "provider": "provider.google"
                },
                "google_compute_address.jenkins": {
                    "type": "google_compute_address",
                    "depends_on": [],
                    "primary": {
                        "id": "hallowed-forge-235513/us-central1/vanhackathon-tractionguest-k8s-jenkins",
                        "attributes": {
                            "address": "35.193.82.65",
                            "address_type": "EXTERNAL",
                            "creation_timestamp": "2019-03-24T13:53:29.501-07:00",
                            "description": "",
                            "id": "hallowed-forge-235513/us-central1/vanhackathon-tractionguest-k8s-jenkins",
                            "name": "vanhackathon-tractionguest-k8s-jenkins",
                            "network_tier": "PREMIUM",
                            "project": "hallowed-forge-235513",
                            "region": "us-central1",
                            "self_link": "https://www.googleapis.com/compute/v1/projects/hallowed-forge-235513/regions/us-central1/addresses/vanhackathon-tractionguest-k8s-jenkins",
                            "subnetwork": "",
                            "users.#": "0"
                        },
                        "meta": {
                            "e2bfb730-ecaa-11e6-8f88-34363bc7c4c0": {
                                "create": 240000000000,
                                "delete": 240000000000
                            }
                        },
                        "tainted": false
                    },
                    "deposed": [],
                    "provider": "provider.google"
                },
                "google_compute_network.default": {
                    "type": "google_compute_network",
                    "depends_on": [],
                    "primary": {
                        "id": "vanhackathon-tractionguest",
                        "attributes": {
                            "auto_create_subnetworks": "true",
                            "description": "",
                            "gateway_ipv4": "",
                            "id": "vanhackathon-tractionguest",
                            "ipv4_range": "",
                            "name": "vanhackathon-tractionguest",
                            "project": "hallowed-forge-235513",
                            "routing_mode": "REGIONAL",
                            "self_link": "https://www.googleapis.com/compute/v1/projects/hallowed-forge-235513/global/networks/vanhackathon-tractionguest"
                        },
                        "meta": {
                            "e2bfb730-ecaa-11e6-8f88-34363bc7c4c0": {
                                "create": 240000000000,
                                "delete": 240000000000,
                                "update": 240000000000
                            }
                        },
                        "tainted": false
                    },
                    "deposed": [],
                    "provider": "provider.google"
                },
                "google_container_cluster.gke-cluster": {
                    "type": "google_container_cluster",
                    "depends_on": [],
                    "primary": {
                        "id": "vanhackathon-tractionguest-k8s",
                        "attributes": {
                            "additional_zones.#": "3",
                            "additional_zones.114014501": "us-central1-b",
                            "additional_zones.1655143457": "us-central1-f",
                            "additional_zones.533760100": "us-central1-c",
                            "addons_config.#": "1",
                            "addons_config.0.horizontal_pod_autoscaling.#": "0",
                            "addons_config.0.http_load_balancing.#": "0",
                            "addons_config.0.kubernetes_dashboard.#": "1",
                            "addons_config.0.kubernetes_dashboard.0.disabled": "true",
                            "addons_config.0.network_policy_config.#": "1",
                            "addons_config.0.network_policy_config.0.disabled": "true",
                            "cluster_autoscaling.#": "0",
                            "cluster_ipv4_cidr": "10.20.0.0/14",
                            "description": "",
                            "enable_kubernetes_alpha": "false",
                            "enable_legacy_abac": "true",
                            "endpoint": "104.154.96.186",
                            "id": "vanhackathon-tractionguest-k8s",
                            "initial_node_count": "3",
                            "instance_group_urls.#": "3",
                            "instance_group_urls.0": "https://www.googleapis.com/compute/v1/projects/hallowed-forge-235513/zones/us-central1-f/instanceGroups/gke-vanhackathon-tractio-default-pool-433acc37-grp",
                            "instance_group_urls.1": "https://www.googleapis.com/compute/v1/projects/hallowed-forge-235513/zones/us-central1-c/instanceGroups/gke-vanhackathon-tractio-default-pool-35316e12-grp",
                            "instance_group_urls.2": "https://www.googleapis.com/compute/v1/projects/hallowed-forge-235513/zones/us-central1-b/instanceGroups/gke-vanhackathon-tractio-default-pool-d6b6c774-grp",
                            "ip_allocation_policy.#": "0",
                            "logging_service": "logging.googleapis.com",
                            "maintenance_policy.#": "0",
                            "master_auth.#": "1",
                            "master_auth.0.client_certificate": "LS0tLS1CRUdJTiBDRVJUSUZJQ0FURS0tLS0tCk1JSUMyakNDQWNLZ0F3SUJBZ0lRWUxuWnl2TlpINnZuUmlpSWVIQ1psVEFOQmdrcWhraUc5dzBCQVFzRkFEQXYKTVMwd0t3WURWUVFERXlSaE9XRTBNRGxsT0MxbFlXSXdMVFE0TkdJdE9EYzBNeTFrTmpRelpEVTRNamMwWkRjdwpIaGNOTVRrd016STBNVFl4TnpVd1doY05NalF3TXpJeU1UWXhOelV3V2pBUk1ROHdEUVlEVlFRREV3WmpiR2xsCmJuUXdnZ0VpTUEwR0NTcUdTSWIzRFFFQkFRVUFBNElCRHdBd2dnRUtBb0lCQVFDdU1Pd2ZrVllpTi80cmJTcmYKejBXcms4cUs2WEM3MEl5ajBielBwQVdZanJuSFVOdzJhN1NXNy9PWVcydVZnOE9mZm5sRDFOZE9wbU5ZUG93TApKLzAwOU1ENnJ5Q0JnbVgwRTJOTEdiVGMwemVTOEtncHhnaTJJdmpPZ244R01wVzZ2eW5VT080dDY4MElvRzJQCjJOZUlyelR0L2h5U1FFVk9JSVFiTmsyWXVhY01EQ0wwMWFoR2tlc0VXTlh1cHpGbWdMYzc4VlZTZS9CYmtHeHkKR3FxRkxxazgyMHhLZE1NYm9KQ3E1MHpvbWZZL1E1UnIydjBUOFRpajRoeUZVWnFZOVRESWNmMys5RnI4MkpUUwo0TXp1c05oUU8xTTlOZStiY0pvSEJ2WmNpQzRhSVBDbHEzVGNnWU0xNlBaMFJIcTIvTjhUdll0QzA4dWwxSVpLCmo2WmxBZ01CQUFHakVEQU9NQXdHQTFVZEV3RUIvd1FDTUFBd0RRWUpLb1pJaHZjTkFRRUxCUUFEZ2dFQkFKUmkKek91R0x5VnJLYnRzeXZhWlBxdkRZZnhObm5odms1TlhoenpiVzRVRG5iOHJBVExMcVhHZUViSUlCQS84S2VRUQo2UitpNWZpZVA0V0lES1h2SDgweERRSlRKbGhVT2k0KzVrcFVKK2lhYmVBRkNqRERxL3BlNEF5aTdsTlR0MXQ5Cm1hUFczSTZLa0p0d0p2QzdiS0x5eWJDcUZLV2FKMVZTSVdudDU1YlRxU25FZ24wS25uTGpJQWplVFkzeDUyVC8Kb1J1N05HS0hyOTdpMHBkaVJkWXY5aDgxTVczdjZDaERqcU9JOVgxeFpmcjRIajdUZVZQZ1J2VS8xbnQwcnNQVQo1UjZSNnRqUXJDYUJxNFZsdzV5ZXAzbUtlQXZEUTJ5TWxJVkk0emxza3hnNHA4NjcyR3NOL0hzK2daeG0vRXpzCjljWUhJOHBLL09hY3FBYlMyUFE9Ci0tLS0tRU5EIENFUlRJRklDQVRFLS0tLS0K",
                            "master_auth.0.client_certificate_config.#": "0",
                            "master_auth.0.client_key": "LS0tLS1CRUdJTiBSU0EgUFJJVkFURSBLRVktLS0tLQpNSUlFb2dJQkFBS0NBUUVBcmpEc0g1RldJamYrSzIwcTM4OUZxNVBLaXVsd3U5Q01vOUc4ejZRRm1JNjV4MURjCk5tdTBsdS96bUZ0cmxZUERuMzU1UTlUWFRxWmpXRDZNQ3lmOU5QVEErcThnZ1lKbDlCTmpTeG0wM05NM2t2Q28KS2NZSXRpTDR6b0ovQmpLVnVyOHAxRGp1TGV2TkNLQnRqOWpYaUs4MDdmNGNra0JGVGlDRUd6Wk5tTG1uREF3aQo5TldvUnBIckJGalY3cWN4Wm9DM08vRlZVbnZ3VzVCc2NocXFoUzZwUE50TVNuVERHNkNRcXVkTTZKbjJQME9VCmE5cjlFL0U0bytJY2hWR2FtUFV3eUhIOS92UmEvTmlVMHVETTdyRFlVRHRUUFRYdm0zQ2FCd2IyWElndUdpRHcKcGF0MDNJR0ROZWoyZEVSNnR2emZFNzJMUXRQTHBkU0dTbyttWlFJREFRQUJBb0lCQUFRbnJCWXpyZ21LYXVCbgp6ZmhCTmpENXlVREhnVFlscXhra1FWdjFsbUdWYy9aK1pnWlJTdUUzejRod2s5QWc4THRlOWE4SnhtbjhtNDJKCkRtZWN1RlE1UzFvZmI4ZlBEN1lDK1dFYTk1NjExaE5GOU1qc1RaeGttS2s2WVNQSmRKdGNBSGdzdEhlNWNtNVUKZjFDSlZGalJEeExuTnhEQkFqWXpIZHVWVDhRSERaSkZBaTYxcnJBb09sSFQrZlpzN201L2NPZnpmVy9ZNzNKSwpGOE1BVytwZCtGc25tWkIxaFJrVXR2UnZBcyt3akhRcEJLZU5oTzNPeEpES2ptQ1JKdzdtVjR6OVVqbkFVeEJjCm9IMWRmYWpFa1ZBc1NYS3E0dUFFUm9henVGRTJIQ0NZbTI3RXZrUVE2UEphbzE3d2ZId3NOOS9XY3lydXR0dVMKYlJGdmx0RUNnWUVBMlJyZk14MExzM3RWMTJEbVR6SlFDRDBqcy9XQUdhMmFKZ0kyNXlFN2p2WlR3Vm1McGJNcApBcUQrMWd1RGMrdlI3TXBSL3YycmQwS2w2elZjVDluL2hwczh6SjdjMnQyc0RSeE5MTEdiZ2laZ1hFM1dsYVN1CkFIOW1LcjdJZjQ4Zmc4T0FPMlVjeG5XZEVra2dnVkNTWEUvbmhmc3FZRFJGa0pnR3BxaTF5bFVDZ1lFQXpXWGkKSlkvV2dDNWRjbWYrazV0bW5tS281QmlscDZ2YzN0TEZ0NzB1RGVOSzlzVVFQVDNveWlwV1pKVXBHVnFPeDJMRgpVUXhrUWNNWXVKQWRYNzlxM2hCbnlhNWZndFl3akZKVDFZWWNKSi9vK1ZSTWUrOWFDRzB6YUxISjhkYmd4UlJqCmlkVzNGWEJuRkdXL2RHNUZoREg5ekxQTyt5MEkxeWROOC9ZVW05RUNnWUFMR1BxTHpGSkt6R1VvNjBVYWkwSFkKQ2ZnSFBPZGRhS2hXaFFwMWFoZDNTVlFpc0FjWll6MFhhMDliZFo4MGo3dGRWVUkzdkpQRk50endWdnZ2QVArMAp5NzZoM3dUL0V4RzJZZG40RE9RY0ZRWWI4Y2FrUTVTNVpjbTlLWjlxRmREUWxXKzZtWUtOQ25vSzh6MzhIamc5CkM4Q1Q4ckRKMWlJd0wvVTNFNnluT1FLQmdBRU9ZaEJSWWdmOHRReE9qcGVSdUFCZWY0SFV3cDFQRys2bFpORGkKRHllUklLU09OTndyd2xPdnpndnNYRzY5OFhnREFRSytycEZNQUllS2JpdzgzcjdQbE1rTHRZQUZ1L0FzeURPVAo0ZmNxUDFkdzRJZk9ua2JtME5uYitDN2ZMUDYyY1NDWFViNnhla1kzazdsMGk3VDNVTmZKb09uWHZIRG15ZGJVClVCelJBb0dBTERQMkNXZEtlM1o3L0dLRXBQZkh4SGlqeWp3RlhKc3ArQThPQmViZE9wbTVEZHphdDEzdFFlREUKVW5PLy9wQWpXVWhWUTc3N2hHN1RQRHAvVjgweUM5YjZaaWhxU09Kd0VUU1RpZlVIdm1rNTIyLzJBUzNwWjd1WQpQSTd3Yi9ucXp2dTduMWU0R05tRC9iSGxJd0lsbGU1S0dsdC9kMy9pRUhJL3BUUzNSTk09Ci0tLS0tRU5EIFJTQSBQUklWQVRFIEtFWS0tLS0tCg==",
                            "master_auth.0.cluster_ca_certificate": "LS0tLS1CRUdJTiBDRVJUSUZJQ0FURS0tLS0tCk1JSURERENDQWZTZ0F3SUJBZ0lSQVBWNllvYmVodEJVU1d5bVFiQzJEeWt3RFFZSktvWklodmNOQVFFTEJRQXcKTHpFdE1Dc0dBMVVFQXhNa1lUbGhOREE1WlRndFpXRmlNQzAwT0RSaUxUZzNORE10WkRZME0yUTFPREkzTkdRMwpNQjRYRFRFNU1ETXlOREUxTVRjME9Wb1hEVEkwTURNeU1qRTJNVGMwT1Zvd0x6RXRNQ3NHQTFVRUF4TWtZVGxoCk5EQTVaVGd0WldGaU1DMDBPRFJpTFRnM05ETXRaRFkwTTJRMU9ESTNOR1EzTUlJQklqQU5CZ2txaGtpRzl3MEIKQVFFRkFBT0NBUThBTUlJQkNnS0NBUUVBck5qcW9VM2JJYlA4Wmg1VmFjdlp3TERtaXhNYXlwQ1VoSFVvWHZKcQpxdWpHa0hTY1oxbmJGYnB1RGVpblNvd0pSeXZBSTQ2SU95d05vUnc1UkJnbEkxakU3U0RRSlplMkwxQUtGSzd2CkRwRVdKeFl4dmxtckswQXI4SzFIelNFZzJxRjQzODBKYkRHbDBHN1NVNGpzN2s1SDdFSktOSWV6b3pyejZkNHAKSCtvRmZpZHlzT1BKT0JWZFFablhIK3Fxd3lZcEhBclVjTThTVkltVExvNkYvZ3hJb083Qnk4cUtHald0TkhpOApCUExUUlNZcnZQL2dSbFFGQ3ZyZkFlSGVKTkpERC9DZUZIbWpTc2J4NDNoZWZkMmJZb3U0SnRwUzNPMVZtM1VMCmtsdmpvaHh4dVN3ZFFrNVNlbGJLN2o3TUpEWVBuaW0zSysrU3d1aWJSdlhkUVFJREFRQUJveU13SVRBT0JnTlYKSFE4QkFmOEVCQU1DQWdRd0R3WURWUjBUQVFIL0JBVXdBd0VCL3pBTkJna3Foa2lHOXcwQkFRc0ZBQU9DQVFFQQpFYiszNHZHS0g4NVpOYzlxMlBpODEvSDFKNWtRaForWkxPSEkyYkZ4bS90MyttZ2NqMWhsYklVUmZ1MW9lZUdSClY1ZFlWbGRDczhGSzhNdG90T3RzZG52ZnVlVGFOeG9kdCtoRitieU5WdFJQTit1VVYwanNla3dQc2hEWWMxcFYKNGllRmJMK1lpU2JUSGdlK2h3Z0lMcWdWc3VPSHVWUlVzUkc3d0dDYUVoZjFmb3ladGVWZU1Nbk81SEs2WjNRZwpaRVRRL3BmeXJ2WHhPMDVvcUtmUG9aVEh3OU9GeDFWSWx5c05nUlYycEFXbWdmcE1CNjF5Zms1dWlHa0tUVFlTCjhWaXFLaUZpb2tOSEsxbG1GVS9YOWVKeEJNSm8zSGZPWm1xUnRpQ0s5bDFJb255VmJSMW9meklvQittU3lmRGcKVENDSDdEMXpxdDRrbFRnRGN6aFpIUT09Ci0tLS0tRU5EIENFUlRJRklDQVRFLS0tLS0K",
                            "master_auth.0.password": "kxeYvor8NEFa1xuh",
                            "master_auth.0.username": "admin",
                            "master_authorized_networks_config.#": "0",
                            "master_version": "1.11.7-gke.12",
                            "monitoring_service": "monitoring.googleapis.com",
                            "name": "vanhackathon-tractionguest-k8s",
                            "network": "projects/hallowed-forge-235513/global/networks/vanhackathon-tractionguest",
                            "network_policy.#": "1",
                            "network_policy.0.enabled": "false",
                            "network_policy.0.provider": "PROVIDER_UNSPECIFIED",
                            "node_config.#": "1",
                            "node_config.0.disk_size_gb": "100",
                            "node_config.0.disk_type": "pd-standard",
                            "node_config.0.guest_accelerator.#": "0",
                            "node_config.0.image_type": "COS",
                            "node_config.0.labels.%": "0",
                            "node_config.0.local_ssd_count": "0",
                            "node_config.0.machine_type": "n1-standard-1",
                            "node_config.0.metadata.%": "0",
                            "node_config.0.min_cpu_platform": "",
                            "node_config.0.oauth_scopes.#": "6",
                            "node_config.0.oauth_scopes.1277378754": "https://www.googleapis.com/auth/monitoring",
                            "node_config.0.oauth_scopes.1632638332": "https://www.googleapis.com/auth/devstorage.read_only",
                            "node_config.0.oauth_scopes.172152165": "https://www.googleapis.com/auth/logging.write",
                            "node_config.0.oauth_scopes.316356861": "https://www.googleapis.com/auth/service.management.readonly",
                            "node_config.0.oauth_scopes.3663490875": "https://www.googleapis.com/auth/servicecontrol",
                            "node_config.0.oauth_scopes.3859019814": "https://www.googleapis.com/auth/trace.append",
                            "node_config.0.preemptible": "false",
                            "node_config.0.service_account": "default",
                            "node_config.0.tags.#": "0",
                            "node_config.0.taint.#": "0",
                            "node_config.0.workload_metadata_config.#": "0",
                            "node_pool.#": "1",
                            "node_pool.0.autoscaling.#": "0",
                            "node_pool.0.initial_node_count": "3",
                            "node_pool.0.instance_group_urls.#": "3",
                            "node_pool.0.instance_group_urls.0": "https://www.googleapis.com/compute/v1/projects/hallowed-forge-235513/zones/us-central1-f/instanceGroupManagers/gke-vanhackathon-tractio-default-pool-433acc37-grp",
                            "node_pool.0.instance_group_urls.1": "https://www.googleapis.com/compute/v1/projects/hallowed-forge-235513/zones/us-central1-c/instanceGroupManagers/gke-vanhackathon-tractio-default-pool-35316e12-grp",
                            "node_pool.0.instance_group_urls.2": "https://www.googleapis.com/compute/v1/projects/hallowed-forge-235513/zones/us-central1-b/instanceGroupManagers/gke-vanhackathon-tractio-default-pool-d6b6c774-grp",
                            "node_pool.0.management.#": "1",
                            "node_pool.0.management.0.auto_repair": "false",
                            "node_pool.0.management.0.auto_upgrade": "false",
                            "node_pool.0.max_pods_per_node": "0",
                            "node_pool.0.name": "default-pool",
                            "node_pool.0.name_prefix": "",
                            "node_pool.0.node_config.#": "1",
                            "node_pool.0.node_config.0.disk_size_gb": "100",
                            "node_pool.0.node_config.0.disk_type": "pd-standard",
                            "node_pool.0.node_config.0.guest_accelerator.#": "0",
                            "node_pool.0.node_config.0.image_type": "COS",
                            "node_pool.0.node_config.0.labels.%": "0",
                            "node_pool.0.node_config.0.local_ssd_count": "0",
                            "node_pool.0.node_config.0.machine_type": "n1-standard-1",
                            "node_pool.0.node_config.0.metadata.%": "0",
                            "node_pool.0.node_config.0.min_cpu_platform": "",
                            "node_pool.0.node_config.0.oauth_scopes.#": "6",
                            "node_pool.0.node_config.0.oauth_scopes.1277378754": "https://www.googleapis.com/auth/monitoring",
                            "node_pool.0.node_config.0.oauth_scopes.1632638332": "https://www.googleapis.com/auth/devstorage.read_only",
                            "node_pool.0.node_config.0.oauth_scopes.172152165": "https://www.googleapis.com/auth/logging.write",
                            "node_pool.0.node_config.0.oauth_scopes.316356861": "https://www.googleapis.com/auth/service.management.readonly",
                            "node_pool.0.node_config.0.oauth_scopes.3663490875": "https://www.googleapis.com/auth/servicecontrol",
                            "node_pool.0.node_config.0.oauth_scopes.3859019814": "https://www.googleapis.com/auth/trace.append",
                            "node_pool.0.node_config.0.preemptible": "false",
                            "node_pool.0.node_config.0.service_account": "default",
                            "node_pool.0.node_config.0.tags.#": "0",
                            "node_pool.0.node_config.0.taint.#": "0",
                            "node_pool.0.node_config.0.workload_metadata_config.#": "0",
                            "node_pool.0.node_count": "3",
                            "node_pool.0.version": "1.11.7-gke.12",
                            "node_version": "1.11.7-gke.12",
                            "private_cluster_config.#": "0",
                            "project": "hallowed-forge-235513",
                            "region": "us-central1",
                            "resource_labels.%": "0",
                            "subnetwork": "projects/hallowed-forge-235513/regions/us-central1/subnetworks/vanhackathon-tractionguest",
                            "zone": "us-central1"
                        },
                        "meta": {
                            "e2bfb730-ecaa-11e6-8f88-34363bc7c4c0": {
                                "create": 1800000000000,
                                "delete": 1800000000000,
                                "update": 1800000000000
                            },
                            "schema_version": "1"
                        },
                        "tainted": false
                    },
                    "deposed": [],
                    "provider": "provider.google"
                },
                "google_sql_database.user_information": {
                    "type": "google_sql_database",
                    "depends_on": [
                        "google_sql_database_instance.master"
                    ],
                    "primary": {
                        "id": "master-instance:userinfo",
                        "attributes": {
                            "charset": "latin1",
                            "collation": "latin1_swedish_ci",
                            "id": "master-instance:userinfo",
                            "instance": "master-instance",
                            "name": "userinfo",
                            "project": "hallowed-forge-235513",
                            "self_link": "https://www.googleapis.com/sql/v1beta4/projects/hallowed-forge-235513/instances/master-instance/databases/userinfo"
                        },
                        "meta": {
                            "e2bfb730-ecaa-11e6-8f88-34363bc7c4c0": {
                                "create": 900000000000,
                                "delete": 600000000000,
                                "update": 600000000000
                            }
                        },
                        "tainted": false
                    },
                    "deposed": [],
                    "provider": "provider.google"
                },
                "google_sql_database_instance.master": {
                    "type": "google_sql_database_instance",
                    "depends_on": [],
                    "primary": {
                        "id": "master-instance",
                        "attributes": {
                            "connection_name": "hallowed-forge-235513:us-central1:master-instance",
                            "database_version": "MYSQL_5_6",
                            "first_ip_address": "35.202.90.41",
                            "id": "master-instance",
                            "ip_address.#": "1",
                            "ip_address.0.ip_address": "35.202.90.41",
                            "ip_address.0.time_to_retire": "",
                            "ip_address.0.type": "PRIMARY",
                            "master_instance_name": "",
                            "name": "master-instance",
                            "private_ip_address": "",
                            "project": "hallowed-forge-235513",
                            "public_ip_address": "35.202.90.41",
                            "region": "us-central1",
                            "replica_configuration.#": "0",
                            "self_link": "https://www.googleapis.com/sql/v1beta4/projects/hallowed-forge-235513/instances/master-instance",
                            "server_ca_cert.#": "1",
                            "server_ca_cert.0.cert": "-----BEGIN CERTIFICATE-----\nMIIDITCCAgmgAwIBAgIBADANBgkqhkiG9w0BAQsFADBIMSMwIQYDVQQDExpHb29n\nbGUgQ2xvdWQgU1FMIFNlcnZlciBDQTEUMBIGA1UEChMLR29vZ2xlLCBJbmMxCzAJ\nBgNVBAYTAlVTMB4XDTE5MDMyNDE1Mzk1NloXDTI5MDMyMTE1NDA1NlowSDEjMCEG\nA1UEAxMaR29vZ2xlIENsb3VkIFNRTCBTZXJ2ZXIgQ0ExFDASBgNVBAoTC0dvb2ds\nZSwgSW5jMQswCQYDVQQGEwJVUzCCASIwDQYJKoZIhvcNAQEBBQADggEPADCCAQoC\nggEBAISqKLJtoWb5dYw65mNal8rJeWwPzEv028/uBKBOBApgjhU5v2sA2c5x5gSJ\nTy1BHDKdADw1cfHioiKZH5Q3wjOXDJpFucN+NI168kbPw2L3yunSvBq/tQISA/uy\nrQQ2lwNeZB4aJs1HSt4gpRu3xh1sHHuff81SgGFs2TYESXemJBnqbQ7qO9HLyuvj\niWS3v/XhhhrUJ44pKQXormKksGN6PRQe5z9c3LS/diQrjA0Z+d3jmo0WzJFqta0t\nZWJp8yqB2IpYd70gx0MV7yh6HzkpC2gbZoxgKO1tpaiAWnfPgdqdORoN4VybrmXc\nBRSGx8i8vagp9Mh8j5TulMVmH0kCAwEAAaMWMBQwEgYDVR0TAQH/BAgwBgEB/wIB\nADANBgkqhkiG9w0BAQsFAAOCAQEANHtpmYRsAvSLhedIsz8T95m/hA5cHCuuB1dA\nS18R8rUtaN8745U1pmAwaihpK+3ESkhVVa/jop02LsQmzlpkF96ErDHc+/Er8JYu\ncK9gyo0T7ckXk3Pp9EE4hMElTUlTAe5duHitHs8niDUnWWVyhuWIV1WMbTRJNa/H\nfCLK/NOBBId+XZjHLQgsszSErISXvG1YcTVipNMOtVRtwXDzGSoWYsXHaEuO2N42\nfcfCPzMynOF5n4aCdyow+vCIw/v7daid/XM7JFVnZKT/WdleJbK2KyxC+LFvib8/\nSTJgB1z7hvhFopLZHa6bzt63UMUC/5UtOop6MY6ir7K3QwbZkA==\n-----END CERTIFICATE-----",
                            "server_ca_cert.0.common_name": "C=US,O=Google\\, Inc,CN=Google Cloud SQL Server CA",
                            "server_ca_cert.0.create_time": "2019-03-24T15:39:56.972Z",
                            "server_ca_cert.0.expiration_time": "2029-03-21T15:40:56.972Z",
                            "server_ca_cert.0.sha1_fingerprint": "fcf862426cfadc892d727491e41d4b38744fd6c2",
                            "service_account_email_address": "ugcp2lfenng4rjazwvzcpt27qi@speckle-umbrella-30.iam.gserviceaccount.com",
                            "settings.#": "1",
                            "settings.0.activation_policy": "ALWAYS",
                            "settings.0.authorized_gae_applications.#": "0",
                            "settings.0.availability_type": "",
                            "settings.0.backup_configuration.#": "1",
                            "settings.0.backup_configuration.0.binary_log_enabled": "false",
                            "settings.0.backup_configuration.0.enabled": "false",
                            "settings.0.backup_configuration.0.start_time": "22:00",
                            "settings.0.crash_safe_replication": "false",
                            "settings.0.database_flags.#": "0",
                            "settings.0.disk_autoresize": "true",
                            "settings.0.disk_size": "10",
                            "settings.0.disk_type": "PD_SSD",
                            "settings.0.ip_configuration.#": "1",
                            "settings.0.ip_configuration.0.authorized_networks.#": "0",
                            "settings.0.ip_configuration.0.ipv4_enabled": "true",
                            "settings.0.ip_configuration.0.private_network": "",
                            "settings.0.ip_configuration.0.require_ssl": "false",
                            "settings.0.location_preference.#": "1",
                            "settings.0.location_preference.0.follow_gae_application": "",
                            "settings.0.location_preference.0.zone": "us-central1-b",
                            "settings.0.maintenance_window.#": "0",
                            "settings.0.pricing_plan": "PER_USE",
                            "settings.0.replication_type": "SYNCHRONOUS",
                            "settings.0.tier": "db-f1-micro",
                            "settings.0.user_labels.%": "0",
                            "settings.0.version": "1"
                        },
                        "meta": {
                            "e2bfb730-ecaa-11e6-8f88-34363bc7c4c0": {
                                "create": 600000000000,
                                "delete": 600000000000,
                                "update": 600000000000
                            }
                        },
                        "tainted": false
                    },
                    "deposed": [],
                    "provider": "provider.google"
                },
                "google_sql_user.users": {
                    "type": "google_sql_user",
                    "depends_on": [
                        "google_sql_database_instance.master"
                    ],
                    "primary": {
                        "id": "dbadmin//master-instance",
                        "attributes": {
                            "host": "",
                            "id": "dbadmin//master-instance",
                            "instance": "master-instance",
                            "name": "dbadmin",
                            "password": "P4s_W0rD9",
                            "project": "hallowed-forge-235513"
                        },
                        "meta": {
                            "schema_version": "1"
                        },
                        "tainted": false
                    },
                    "deposed": [],
                    "provider": "provider.google"
                },
                "helm_release.jenkins": {
                    "type": "helm_release",
                    "depends_on": [],
                    "primary": {
                        "id": "jenkins",
                        "attributes": {
                            "chart": "stable/jenkins",
                            "disable_webhooks": "false",
                            "force_update": "false",
                            "id": "jenkins",
                            "metadata.#": "1",
                            "metadata.0.chart": "jenkins",
                            "metadata.0.name": "jenkins",
                            "metadata.0.namespace": "default",
                            "metadata.0.revision": "3",
                            "metadata.0.values": "Master:\n  AdminPassword: P4s_W0rD9\n  AdminUser: admin\nPersistence:\n  Enabled: false\nrbac:\n  create: false\n",
                            "metadata.0.version": "0.35.2",
                            "name": "jenkins",
                            "namespace": "default",
                            "recreate_pods": "false",
                            "reuse": "false",
                            "reuse_values": "false",
                            "status": "DEPLOYED",
                            "timeout": "300",
                            "values.#": "1",
                            "values.0": "Master:\n  AdminUser: admin\n  AdminPassword: \"P4s_W0rD9\"\nrbac:\n  create: false\nPersistence:\n  Enabled: false\n",
                            "verify": "false",
                            "version": "0.35.2",
                            "wait": "true"
                        },
                        "meta": {},
                        "tainted": false
                    },
                    "deposed": [],
                    "provider": "provider.helm"
                },
                "kubernetes_namespace.prod": {
                    "type": "kubernetes_namespace",
                    "depends_on": [],
                    "primary": {
                        "id": "production",
                        "attributes": {
                            "id": "production",
                            "metadata.#": "1",
                            "metadata.0.annotations.%": "0",
                            "metadata.0.generate_name": "",
                            "metadata.0.generation": "0",
                            "metadata.0.labels.%": "0",
                            "metadata.0.name": "production",
                            "metadata.0.resource_version": "22201",
                            "metadata.0.self_link": "/api/v1/namespaces/production",
                            "metadata.0.uid": "5d602bd5-4e5d-11e9-9140-42010a800117"
                        },
                        "meta": {},
                        "tainted": false
                    },
                    "deposed": [],
                    "provider": "provider.kubernetes"
                },
                "kubernetes_replication_controller.vhast": {
                    "type": "kubernetes_replication_controller",
                    "depends_on": [
                        "kubernetes_namespace.prod"
                    ],
                    "primary": {
                        "id": "production/vhast",
                        "attributes": {
                            "id": "production/vhast",
                            "metadata.#": "1",
                            "metadata.0.annotations.%": "0",
                            "metadata.0.generate_name": "",
                            "metadata.0.generation": "3",
                            "metadata.0.labels.%": "1",
                            "metadata.0.labels.run": "vhast",
                            "metadata.0.name": "vhast",
                            "metadata.0.namespace": "production",
                            "metadata.0.resource_version": "83621",
                            "metadata.0.self_link": "/api/v1/namespaces/production/replicationcontrollers/vhast",
                            "metadata.0.uid": "5f79c2a0-4e6e-11e9-b35a-42010a80016c",
                            "spec.#": "1",
                            "spec.0.min_ready_seconds": "0",
                            "spec.0.replicas": "1",
                            "spec.0.selector.%": "1",
                            "spec.0.selector.run": "vhast",
                            "spec.0.template.#": "1",
                            "spec.0.template.0.active_deadline_seconds": "0",
                            "spec.0.template.0.container.#": "1",
                            "spec.0.template.0.container.0.args.#": "0",
                            "spec.0.template.0.container.0.command.#": "0",
                            "spec.0.template.0.container.0.env.#": "0",
                            "spec.0.template.0.container.0.env_from.#": "0",
                            "spec.0.template.0.container.0.image": "gcr.io/hallowed-forge-235513/vhast:latest",
                            "spec.0.template.0.container.0.image_pull_policy": "Always",
                            "spec.0.template.0.container.0.lifecycle.#": "0",
                            "spec.0.template.0.container.0.liveness_probe.#": "0",
                            "spec.0.template.0.container.0.name": "vhast2",
                            "spec.0.template.0.container.0.port.#": "0",
                            "spec.0.template.0.container.0.readiness_probe.#": "0",
                            "spec.0.template.0.container.0.resources.#": "1",
                            "spec.0.template.0.container.0.security_context.#": "0",
                            "spec.0.template.0.container.0.stdin": "false",
                            "spec.0.template.0.container.0.stdin_once": "false",
                            "spec.0.template.0.container.0.termination_message_path": "/dev/termination-log",
                            "spec.0.template.0.container.0.tty": "false",
                            "spec.0.template.0.container.0.volume_mount.#": "0",
                            "spec.0.template.0.container.0.working_dir": "",
                            "spec.0.template.0.dns_policy": "ClusterFirst",
                            "spec.0.template.0.host_ipc": "false",
                            "spec.0.template.0.host_network": "false",
                            "spec.0.template.0.host_pid": "false",
                            "spec.0.template.0.hostname": "",
                            "spec.0.template.0.image_pull_secrets.#": "0",
                            "spec.0.template.0.init_container.#": "0",
                            "spec.0.template.0.metadata.#": "0",
                            "spec.0.template.0.node_name": "",
                            "spec.0.template.0.node_selector.%": "0",
                            "spec.0.template.0.restart_policy": "Always",
                            "spec.0.template.0.security_context.#": "0",
                            "spec.0.template.0.service_account_name": "",
                            "spec.0.template.0.spec.#": "0",
                            "spec.0.template.0.subdomain": "",
                            "spec.0.template.0.termination_grace_period_seconds": "0",
                            "spec.0.template.0.volume.#": "0"
                        },
                        "meta": {
                            "e2bfb730-ecaa-11e6-8f88-34363bc7c4c0": {
                                "create": 600000000000,
                                "delete": 600000000000,
                                "update": 600000000000
                            }
                        },
                        "tainted": false
                    },
                    "deposed": [],
                    "provider": "provider.kubernetes"
                },
                "kubernetes_service.vhast": {
                    "type": "kubernetes_service",
                    "depends_on": [
                        "google_compute_address.default",
                        "kubernetes_namespace.prod"
                    ],
                    "primary": {
                        "id": "production/vhast",
                        "attributes": {
                            "id": "production/vhast",
                            "load_balancer_ingress.#": "1",
                            "load_balancer_ingress.0.hostname": "",
                            "load_balancer_ingress.0.ip": "35.238.148.103",
                            "metadata.#": "1",
                            "metadata.0.annotations.%": "0",
                            "metadata.0.generate_name": "",
                            "metadata.0.generation": "0",
                            "metadata.0.labels.%": "0",
                            "metadata.0.name": "vhast",
                            "metadata.0.namespace": "production",
                            "metadata.0.resource_version": "82754",
                            "metadata.0.self_link": "/api/v1/namespaces/production/services/vhast",
                            "metadata.0.uid": "ca2e36cf-4e60-11e9-8e4c-42010a800067",
                            "spec.#": "1",
                            "spec.0.cluster_ip": "10.23.248.198",
                            "spec.0.external_ips.#": "0",
                            "spec.0.external_name": "",
                            "spec.0.load_balancer_ip": "35.238.148.103",
                            "spec.0.load_balancer_source_ranges.#": "0",
                            "spec.0.port.#": "1",
                            "spec.0.port.0.name": "",
                            "spec.0.port.0.node_port": "30302",
                            "spec.0.port.0.port": "443",
                            "spec.0.port.0.protocol": "TCP",
                            "spec.0.port.0.target_port": "3000",
                            "spec.0.publish_not_ready_addresses": "false",
                            "spec.0.selector.%": "1",
                            "spec.0.selector.run": "vhast",
                            "spec.0.session_affinity": "ClientIP",
                            "spec.0.type": "LoadBalancer"
                        },
                        "meta": {},
                        "tainted": false
                    },
                    "deposed": [],
                    "provider": "provider.kubernetes"
                }
            },
            "depends_on": []
        }
    ]
}
